
Microsoft Visual Studio Solution File, Format Version 12.00
# Visual Studio 15
VisualStudioVersion = 15.0.27428.2037
MinimumVisualStudioVersion = 10.0.40219.1
Project("{FAE04EC0-301F-11D3-BF4B-00C04F79EFBC}") = "Metodlar_4", "Metodlar_4\Metodlar_4.csproj", "{55BB8A85-7AF8-4492-8141-29073CE19BCB}"
EndProject
Global
	GlobalSection(SolutionConfigurationPlatforms) = preSolution
		Debug|Any CPU = Debug|Any CPU
		Release|Any CPU = Release|Any CPU
	EndGlobalSection
	GlobalSection(ProjectConfigurationPlatforms) = postSolution
		{55BB8A85-7AF8-4492-8141-29073CE19BCB}.Debug|Any CPU.ActiveCfg = Debug|Any CPU
		{55BB8A85-7AF8-4492-8141-29073CE19BCB}.Debug|Any CPU.Build.0 = Debug|Any CPU
		{55BB8A85-7AF8-4492-8141-29073CE19BCB}.Release|Any CPU.ActiveCfg = Release|Any CPU
		{55BB8A85-7AF8-4492-8141-29073CE19BCB}.Release|Any CPU.Build.0 = Release|Any CPU
	EndGlobalSection
	GlobalSection(SolutionProperties) = preSolution
		HideSolutionNode = FALSE
	EndGlobalSection
	GlobalSection(ExtensibilityGlobals) = postSolution
		SolutionGuid = {652FA582-0B99-4950-8F5B-C76ED73D068A}
	EndGlobalSection
EndGlobal
